
Microsoft Visual Studio Solution File, Format Version 12.00
# Visual Studio Version 17
VisualStudioVersion = 17.8.34525.116
MinimumVisualStudioVersion = 10.0.40219.1
Project("{FAE04EC0-301F-11D3-BF4B-00C04F79EFBC}") = "PixelGemShop", "PixelGemShop\PixelGemShop.csproj", "{A18689A1-6921-4239-83FA-16F4E420AC9D}"
EndProject
Global
	GlobalSection(SolutionConfigurationPlatforms) = preSolution
		Debug|Any CPU = Debug|Any CPU
		Release|Any CPU = Release|Any CPU
	EndGlobalSection
	GlobalSection(ProjectConfigurationPlatforms) = postSolution
		{A18689A1-6921-4239-83FA-16F4E420AC9D}.Debug|Any CPU.ActiveCfg = Debug|Any CPU
		{A18689A1-6921-4239-83FA-16F4E420AC9D}.Debug|Any CPU.Build.0 = Debug|Any CPU
		{A18689A1-6921-4239-83FA-16F4E420AC9D}.Release|Any CPU.ActiveCfg = Release|Any CPU
		{A18689A1-6921-4239-83FA-16F4E420AC9D}.Release|Any CPU.Build.0 = Release|Any CPU
	EndGlobalSection
	GlobalSection(SolutionProperties) = preSolution
		HideSolutionNode = FALSE
	EndGlobalSection
	GlobalSection(ExtensibilityGlobals) = postSolution
		SolutionGuid = {B1DD7CDE-86FC-4432-9F27-751A448A47EC}
	EndGlobalSection
EndGlobal
